Microsoft Visual Studio Solution File, Format Version 12.00
# Visual Studio Version 17
VisualStudioVersion = 17.0.31903.59
MinimumVisualStudioVersion = 10.0.40219.1
Project("{FAE04EC0-301F-11D3-BF4B-00C04F79EFBC}") = "OpponentMemory", "OpponentMemory\OpponentMemory.csproj", "{7FAAA332-5E47-4179-9594-8AD7F96634AA}"
EndProject
Project("{FAE04EC0-301F-11D3-BF4B-00C04F79EFBC}") = "OpponentMemory.Tests", "OpponentMemory.Tests\OpponentMemory.Tests.csproj", "{C11A723D-6857-4F6B-B19A-6C631B4646B2}"
EndProject
Global
	GlobalSection(SolutionConfigurationPlatforms) = preSolution
		Debug|x64 = Debug|x64
		Release|x64 = Release|x64
	EndGlobalSection
	GlobalSection(ProjectConfigurationPlatforms) = postSolution
		{7FAAA332-5E47-4179-9594-8AD7F96634AA}.Debug|x64.ActiveCfg = Debug|x64
		{7FAAA332-5E47-4179-9594-8AD7F96634AA}.Debug|x64.Build.0 = Debug|x64
		{7FAAA332-5E47-4179-9594-8AD7F96634AA}.Release|x64.ActiveCfg = Release|x64
		{7FAAA332-5E47-4179-9594-8AD7F96634AA}.Release|x64.Build.0 = Release|x64
		{C11A723D-6857-4F6B-B19A-6C631B4646B2}.Debug|x64.ActiveCfg = Debug|x64
		{C11A723D-6857-4F6B-B19A-6C631B4646B2}.Debug|x64.Build.0 = Debug|x64
		{C11A723D-6857-4F6B-B19A-6C631B4646B2}.Release|x64.ActiveCfg = Release|x64
		{C11A723D-6857-4F6B-B19A-6C631B4646B2}.Release|x64.Build.0 = Release|x64
	EndGlobalSection
EndGlobal
